
Microsoft Visual Studio Solution File, Format Version 12.00
# Visual Studio 15
VisualStudioVersion = 15.0.28307.271
MinimumVisualStudioVersion = 10.0.40219.1
Project("{FAE04EC0-301F-11D3-BF4B-00C04F79EFBC}") = "WindowsFormsApp1", "WindowsFormsApp1\WindowsFormsApp1.csproj", "{DF9EEE90-4CB0-488D-BD30-39971B3CACE5}"
EndProject
Global
	GlobalSection(SolutionConfigurationPlatforms) = preSolution
		Debug|Any CPU = Debug|Any CPU
		Release|Any CPU = Release|Any CPU
	EndGlobalSection
	GlobalSection(ProjectConfigurationPlatforms) = postSolution
		{DF9EEE90-4CB0-488D-BD30-39971B3CACE5}.Debug|Any CPU.ActiveCfg = Debug|Any CPU
		{DF9EEE90-4CB0-488D-BD30-39971B3CACE5}.Debug|Any CPU.Build.0 = Debug|Any CPU
		{DF9EEE90-4CB0-488D-BD30-39971B3CACE5}.Release|Any CPU.ActiveCfg = Release|Any CPU
		{DF9EEE90-4CB0-488D-BD30-39971B3CACE5}.Release|Any CPU.Build.0 = Release|Any CPU
	EndGlobalSection
	GlobalSection(SolutionProperties) = preSolution
		HideSolutionNode = FALSE
	EndGlobalSection
	GlobalSection(ExtensibilityGlobals) = postSolution
		SolutionGuid = {F3EBD1A9-89DA-4C63-929C-4A7E7BA6305A}
	EndGlobalSection
EndGlobal
